<?xml version="1.0" encoding="UTF-8" standalone="yes" ?>
<CodeBlocks_project_file>
   <FileVersion major="1" minor="6" />
   <Project>
      <Option title="kinect-exemple" />
      <Option makefile_is_custom="1" />
      <Option compiler="gcc" />
      <Option virtualFolders="CMake Files\;" />
      <Build>
      <Target title="all">
         <Option working_dir="/home/francois/Bureau/Projet_IMI/code_kinect" />
         <Option type="4" />
         <MakeCommands>
            <Build command="/usr/bin/make -f &quot;/home/francois/Bureau/Projet_IMI/code_kinect/Makefile&quot;  VERBOSE=1 all" />
            <CompileFile command="/usr/bin/make -f &quot;/home/francois/Bureau/Projet_IMI/code_kinect/Makefile&quot;  VERBOSE=1 &quot;$file&quot;" />
            <Clean command="/usr/bin/make -f &quot;/home/francois/Bureau/Projet_IMI/code_kinect/Makefile&quot;  VERBOSE=1 clean" />
            <DistClean command="/usr/bin/make -f &quot;/home/francois/Bureau/Projet_IMI/code_kinect/Makefile&quot;  VERBOSE=1 clean" />
         </MakeCommands>
      </Target>
      <Target title="kinect-exemple">
         <Option output="/home/francois/Bureau/Projet_IMI/code_kinect/kinect-exemple" prefix_auto="0" extension_auto="0" />
         <Option working_dir="/home/francois/Bureau/Projet_IMI/code_kinect" />
         <Option object_output="./" />
         <Option type="1" />
         <Option compiler="gcc" />
         <Compiler>
            <Add directory="/home/francois/kinect/NiTE-Linux-x64-2.2/Include" />
            <Add directory="/home/francois/kinect/OpenNI-Linux-x64-2.2/Include" />
            <Add directory="/usr/include" />
            <Add directory="/usr/include/c++/4.8" />
            <Add directory="/usr/include/c++/4.8/backward" />
            <Add directory="/usr/include/x86_64-linux-gnu" />
            <Add directory="/usr/include/x86_64-linux-gnu/c++/4.8" />
            <Add directory="/usr/lib/gcc/x86_64-linux-gnu/4.8/include" />
            <Add directory="/usr/lib/gcc/x86_64-linux-gnu/4.8/include-fixed" />
            <Add directory="/usr/local/include" />
         </Compiler>
         <MakeCommands>
            <Build command="/usr/bin/make -f &quot;/home/francois/Bureau/Projet_IMI/code_kinect/Makefile&quot;  VERBOSE=1 kinect-exemple" />
            <CompileFile command="/usr/bin/make -f &quot;/home/francois/Bureau/Projet_IMI/code_kinect/Makefile&quot;  VERBOSE=1 &quot;$file&quot;" />
            <Clean command="/usr/bin/make -f &quot;/home/francois/Bureau/Projet_IMI/code_kinect/Makefile&quot;  VERBOSE=1 clean" />
            <DistClean command="/usr/bin/make -f &quot;/home/francois/Bureau/Projet_IMI/code_kinect/Makefile&quot;  VERBOSE=1 clean" />
         </MakeCommands>
      </Target>
      <Target title="kinect-exemple/fast">
         <Option output="/home/francois/Bureau/Projet_IMI/code_kinect/kinect-exemple" prefix_auto="0" extension_auto="0" />
         <Option working_dir="/home/francois/Bureau/Projet_IMI/code_kinect" />
         <Option object_output="./" />
         <Option type="1" />
         <Option compiler="gcc" />
         <Compiler>
            <Add directory="/home/francois/kinect/NiTE-Linux-x64-2.2/Include" />
            <Add directory="/home/francois/kinect/OpenNI-Linux-x64-2.2/Include" />
            <Add directory="/usr/include" />
            <Add directory="/usr/include/c++/4.8" />
            <Add directory="/usr/include/c++/4.8/backward" />
            <Add directory="/usr/include/x86_64-linux-gnu" />
            <Add directory="/usr/include/x86_64-linux-gnu/c++/4.8" />
            <Add directory="/usr/lib/gcc/x86_64-linux-gnu/4.8/include" />
            <Add directory="/usr/lib/gcc/x86_64-linux-gnu/4.8/include-fixed" />
            <Add directory="/usr/local/include" />
         </Compiler>
         <MakeCommands>
            <Build command="/usr/bin/make -f &quot;/home/francois/Bureau/Projet_IMI/code_kinect/Makefile&quot;  VERBOSE=1 kinect-exemple/fast" />
            <CompileFile command="/usr/bin/make -f &quot;/home/francois/Bureau/Projet_IMI/code_kinect/Makefile&quot;  VERBOSE=1 &quot;$file&quot;" />
            <Clean command="/usr/bin/make -f &quot;/home/francois/Bureau/Projet_IMI/code_kinect/Makefile&quot;  VERBOSE=1 clean" />
            <DistClean command="/usr/bin/make -f &quot;/home/francois/Bureau/Projet_IMI/code_kinect/Makefile&quot;  VERBOSE=1 clean" />
         </MakeCommands>
      </Target>
      <Target title="rebuild_cache">
         <Option working_dir="/home/francois/Bureau/Projet_IMI/code_kinect" />
         <Option type="4" />
         <MakeCommands>
            <Build command="/usr/bin/make -f &quot;/home/francois/Bureau/Projet_IMI/code_kinect/Makefile&quot;  VERBOSE=1 rebuild_cache" />
            <CompileFile command="/usr/bin/make -f &quot;/home/francois/Bureau/Projet_IMI/code_kinect/Makefile&quot;  VERBOSE=1 &quot;$file&quot;" />
            <Clean command="/usr/bin/make -f &quot;/home/francois/Bureau/Projet_IMI/code_kinect/Makefile&quot;  VERBOSE=1 clean" />
            <DistClean command="/usr/bin/make -f &quot;/home/francois/Bureau/Projet_IMI/code_kinect/Makefile&quot;  VERBOSE=1 clean" />
         </MakeCommands>
      </Target>
      </Build>
      <Unit filename="/home/francois/Bureau/Projet_IMI/code_kinect/src/main.cpp">
      </Unit>
      <Unit filename="/home/francois/Bureau/Projet_IMI/code_kinect/src/NiteSampleUtilities.h">
      </Unit>
      <Unit filename="/home/francois/Bureau/Projet_IMI/code_kinect/CMakeLists.txt">
          <Option virtualFolder="CMake Files\" />
      </Unit>
   </Project>
</CodeBlocks_project_file>
